dependencies:
- name: rabbitmq
  repository: oci://registry-1.docker.io/cloudpirates
  version: 0.18.0
- name: cnpg-cluster
  repository: https://this-is-tobi.github.io/helm-charts
  version: 1.5.4
- name: pgadmin4
  repository: https://helm.runix.net/
  version: 1.59.0
- name: sql-exporter
  repository: https://burningalchemist.github.io/sql_exporter/
  version: 0.17.5
digest: sha256:f33a3119848f469cdd6a3824f0d13e06602ffb7e7770b06a3ebb8891118e7404
generated: "2026-04-15T15:59:31.27620216+02:00"
